// !$*UTF8*$!
{
	archiveVersion = 1;
	classes = {
	};
	objectVersion = 50;
	objects = {

/* Begin PBXBuildFile section */
		A2AB691A267D1CF1001D6536 /* warCardGameApp.swift in Sources */ = {isa = PBXBuildFile; fileRef = A2AB6919267D1CF1001D6536 /* warCardGameApp.swift */; };
		A2AB691C267D1CF1001D6536 /* ContentView.swift in Sources */ = {isa = PBXBuildFile; fileRef = A2AB691B267D1CF1001D6536 /* ContentView.swift */; };
		A2AB691E267D1CF3001D6536 /* Assets.xcassets in Resources */ = {isa = PBXBuildFile; fileRef = A2AB691D267D1CF3001D6536 /* Assets.xcassets */; };
		A2AB6921267D1CF3001D6536 /* Preview Assets.xcassets in Resources */ = {isa = PBXBuildFile; fileRef = A2AB6920267D1CF3001D6536 /* Preview Assets.xcassets */; };
		A2AB692C267D1CF4001D6536 /* warCardGameTests.swift in Sources */ = {isa = PBXBuildFile; fileRef = A2AB692B267D1CF4001D6536 /* warCardGameTests.swift */; };
		A2AB6937267D1CF4001D6536 /* warCardGameUITests.swift in Sources */ = {isa = PBXBuildFile; fileRef = A2AB6936267D1CF4001D6536 /* warCardGameUITests.swift */; };
/* End PBXBuildFile section */

/* Begin PBXContainerItemProxy section */
		A2AB6928267D1CF4001D6536 /* PBXContainerItemProxy */ = {
			isa = PBXContainerItemProxy;
			containerPortal = A2AB690E267D1CF1001D6536 /* Project object */;
			proxyType = 1;
			remoteGlobalIDString = A2AB6915267D1CF1001D6536;
			remoteInfo = warCardGame;
		};
		A2AB6933267D1CF4001D6536 /* PBXContainerItemProxy */ = {
			isa = PBXContainerItemProxy;
			containerPortal = A2AB690E267D1CF1001D6536 /* Project object */;
			proxyType = 1;
			remoteGlobalIDString = A2AB6915267D1CF1001D6536;
			remoteInfo = warCardGame;
		};
/* End PBXContainerItemProxy section */

/* Begin PBXFileReference section */
		A2AB6916267D1CF1001D6536 /* warCardGame.app */ = {isa = PBXFileReference; explicitFileType = wrapper.application; includeInIndex = 0; path = warCardGame.app; sourceTree = BUILT_PRODUCTS_DIR; };
		A2AB6919267D1CF1001D6536 /* warCardGameApp.swift */ = {isa = PBXFileReference; lastKnownFileType = sourcecode.swift; path = warCardGameApp.swift; sourceTree = "<group>"; };
		A2AB691B267D1CF1001D6536 /* ContentView.swift */ = {isa = PBXFileReference; lastKnownFileType = sourcecode.swift; path = ContentView.swift; sourceTree = "<group>"; };
		A2AB691D267D1CF3001D6536 /* Assets.xcassets */ = {isa = PBXFileReference; lastKnownFileType = folder.assetcatalog; path = Assets.xcassets; sourceTree = "<group>"; };
		A2AB6920267D1CF3001D6536 /* Preview Assets.xcassets */ = {isa = PBXFileReference; lastKnownFileType = folder.assetcatalog; path = "Preview Assets.xcassets"; sourceTree = "<group>"; };
		A2AB6922267D1CF3001D6536 /* Info.plist */ = {isa = PBXFileReference; lastKnownFileType = text.plist.xml; path = Info.plist; sourceTree = "<group>"; };
		A2AB6927267D1CF4001D6536 /* warCardGameTests.xctest */ = {isa = PBXFileReference; explicitFileType = wrapper.cfbundle; includeInIndex = 0; path = warCardGameTests.xctest; sourceTree = BUILT_PRODUCTS_DIR; };
		A2AB692B267D1CF4001D6536 /* warCardGameTests.swift */ = {isa = PBXFileReference; lastKnownFileType = sourcecode.swift; path = warCardGameTests.swift; sourceTree = "<group>"; };
		A2AB692D267D1CF4001D6536 /* Info.plist */ = {isa = PBXFileReference; lastKnownFileType = text.plist.xml; path = Info.plist; sourceTree = "<group>"; };
		A2AB6932267D1CF4001D6536 /* warCardGameUITests.xctest */ = {isa = PBXFileReference; explicitFileType = wrapper.cfbundle; includeInIndex = 0; path = warCardGameUITests.xctest; sourceTree = BUILT_PRODUCTS_DIR; };
		A2AB6936267D1CF4001D6536 /* warCardGameUITests.swift */ = {isa = PBXFileReference; lastKnownFileType = sourcecode.swift; path = warCardGameUITests.swift; sourceTree = "<group>"; };
		A2AB6938267D1CF4001D6536 /* Info.plist */ = {isa = PBXFileReference; lastKnownFileType = text.plist.xml; path = Info.plist; sourceTree = "<group>"; };
/* End PBXFileReference section */

/* Begin PBXFrameworksBuildPhase section */
		A2AB6913267D1CF1001D6536 /* Frameworks */ = {
			isa = PBXFrameworksBuildPhase;
			buildActionMask = 2147483647;
			files = (
			);
			runOnlyForDeploymentPostprocessing = 0;
		};
		A2AB6924267D1CF4001D6536 /* Frameworks */ = {
			isa = PBXFrameworksBuildPhase;
			buildActionMask = 2147483647;
			files = (
			);
			runOnlyForDeploymentPostprocessing = 0;
		};
		A2AB692F267D1CF4001D6536 /* Frameworks */ = {
			isa = PBXFrameworksBuildPhase;
			buildActionMask = 2147483647;
			files = (
			);
			runOnlyForDeploymentPostprocessing = 0;
		};
/* End PBXFrameworksBuildPhase section */

/* Begin PBXGroup section */
		A2AB690D267D1CF1001D6536 = {
			isa = PBXGroup;
			children = (
				A2AB6918267D1CF1001D6536 /* warCardGame */,
				A2AB692A267D1CF4001D6536 /* warCardGameTests */,
				A2AB6935267D1CF4001D6536 /* warCardGameUITests */,
				A2AB6917267D1CF1001D6536 /* Products */,
			);
			sourceTree = "<group>";
		};
		A2AB6917267D1CF1001D6536 /* Products */ = {
			isa = PBXGroup;
			children = (
				A2AB6916267D1CF1001D6536 /* warCardGame.app */,
				A2AB6927267D1CF4001D6536 /* warCardGameTests.xctest */,
				A2AB6932267D1CF4001D6536 /* warCardGameUITests.xctest */,
			);
			name = Products;
			sourceTree = "<group>";
		};
		A2AB6918267D1CF1001D6536 /* warCardGame */ = {
			isa = PBXGroup;
			children = (
				A2AB6919267D1CF1001D6536 /* warCardGameApp.swift */,
				A2AB691B267D1CF1001D6536 /* ContentView.swift */,
				A2AB691D267D1CF3001D6536 /* Assets.xcassets */,
				A2AB6922267D1CF3001D6536 /* Info.plist */,
				A2AB691F267D1CF3001D6536 /* Preview Content */,
			);
			path = warCardGame;
			sourceTree = "<group>";
		};
		A2AB691F267D1CF3001D6536 /* Preview Content */ = {
			isa = PBXGroup;
			children = (
				A2AB6920267D1CF3001D6536 /* Preview Assets.xcassets */,
			);
			path = "Preview Content";
			sourceTree = "<group>";
		};
		A2AB692A267D1CF4001D6536 /* warCardGameTests */ = {
			isa = PBXGroup;
			children = (
				A2AB692B267D1CF4001D6536 /* warCardGameTests.swift */,
				A2AB692D267D1CF4001D6536 /* Info.plist */,
			);
			path = warCardGameTests;
			sourceTree = "<group>";
		};
		A2AB6935267D1CF4001D6536 /* warCardGameUITests */ = {
			isa = PBXGroup;
			children = (
				A2AB6936267D1CF4001D6536 /* warCardGameUITests.swift */,
				A2AB6938267D1CF4001D6536 /* Info.plist */,
			);
			path = warCardGameUITests;
			sourceTree = "<group>";
		};
/* End PBXGroup section */

/* Begin PBXNativeTarget section */
		A2AB6915267D1CF1001D6536 /* warCardGame */ = {
			isa = PBXNativeTarget;
			buildConfigurationList = A2AB693B267D1CF4001D6536 /* Build configuration list for PBXNativeTarget "warCardGame" */;
			buildPhases = (
				A2AB6912267D1CF1001D6536 /* Sources */,
				A2AB6913267D1CF1001D6536 /* Frameworks */,
				A2AB6914267D1CF1001D6536 /* Resources */,
			);
			buildRules = (
			);
			dependencies = (
			);
			name = warCardGame;
			productName = warCardGame;
			productReference = A2AB6916267D1CF1001D6536 /* warCardGame.app */;
			productType = "com.apple.product-type.application";
		};
		A2AB6926267D1CF4001D6536 /* warCardGameTests */ = {
			isa = PBXNativeTarget;
			buildConfigurationList = A2AB693E267D1CF4001D6536 /* Build configuration list for PBXNativeTarget "warCardGameTests" */;
			buildPhases = (
				A2AB6923267D1CF4001D6536 /* Sources */,
				A2AB6924267D1CF4001D6536 /* Frameworks */,
				A2AB6925267D1CF4001D6536 /* Resources */,
			);
			buildRules = (
			);
			dependencies = (
				A2AB6929267D1CF4001D6536 /* PBXTargetDependency */,
			);
			name = warCardGameTests;
			productName = warCardGameTests;
			productReference = A2AB6927267D1CF4001D6536 /* warCardGameTests.xctest */;
			productType = "com.apple.product-type.bundle.unit-test";
		};
		A2AB6931267D1CF4001D6536 /* warCardGameUITests */ = {
			isa = PBXNativeTarget;
			buildConfigurationList = A2AB6941267D1CF4001D6536 /* Build configuration list for PBXNativeTarget "warCardGameUITests" */;
			buildPhases = (
				A2AB692E267D1CF4001D6536 /* Sources */,
				A2AB692F267D1CF4001D6536 /* Frameworks */,
				A2AB6930267D1CF4001D6536 /* Resources */,
			);
			buildRules = (
			);
			dependencies = (
				A2AB6934267D1CF4001D6536 /* PBXTargetDependency */,
			);
			name = warCardGameUITests;
			productName = warCardGameUITests;
			productReference = A2AB6932267D1CF4001D6536 /* warCardGameUITests.xctest */;
			productType = "com.apple.product-type.bundle.ui-testing";
		};
/* End PBXNativeTarget section */

/* Begin PBXProject section */
		A2AB690E267D1CF1001D6536 /* Project object */ = {
			isa = PBXProject;
			attributes = {
				LastSwiftUpdateCheck = 1240;
				LastUpgradeCheck = 1240;
				TargetAttributes = {
					A2AB6915267D1CF1001D6536 = {
						CreatedOnToolsVersion = 12.4;
					};
					A2AB6926267D1CF4001D6536 = {
						CreatedOnToolsVersion = 12.4;
						TestTargetID = A2AB6915267D1CF1001D6536;
					};
					A2AB6931267D1CF4001D6536 = {
						CreatedOnToolsVersion = 12.4;
						TestTargetID = A2AB6915267D1CF1001D6536;
					};
				};
			};
			buildConfigurationList = A2AB6911267D1CF1001D6536 /* Build configuration list for PBXProject "warCardGame" */;
			compatibilityVersion = "Xcode 9.3";
			developmentRegion = en;
			hasScannedForEncodings = 0;
			knownRegions = (
				en,
				Base,
			);
			mainGroup = A2AB690D267D1CF1001D6536;
			productRefGroup = A2AB6917267D1CF1001D6536 /* Products */;
			projectDirPath = "";
			projectRoot = "";
			targets = (
				A2AB6915267D1CF1001D6536 /* warCardGame */,
				A2AB6926267D1CF4001D6536 /* warCardGameTests */,
				A2AB6931267D1CF4001D6536 /* warCardGameUITests */,
			);
		};
/* End PBXProject section */

/* Begin PBXResourcesBuildPhase section */
		A2AB6914267D1CF1001D6536 /* Resources */ = {
			isa = PBXResourcesBuildPhase;
			buildActionMask = 2147483647;
			files = (
				A2AB6921267D1CF3001D6536 /* Preview Assets.xcassets in Resources */,
				A2AB691E267D1CF3001D6536 /* Assets.xcassets in Resources */,
			);
			runOnlyForDeploymentPostprocessing = 0;
		};
		A2AB6925267D1CF4001D6536 /* Resources */ = {
			isa = PBXResourcesBuildPhase;
			buildActionMask = 2147483647;
			files = (
			);
			runOnlyForDeploymentPostprocessing = 0;
		};
		A2AB6930267D1CF4001D6536 /* Resources */ = {
			isa = PBXResourcesBuildPhase;
			buildActionMask = 2147483647;
			files = (
			);
			runOnlyForDeploymentPostprocessing = 0;
		};
/* End PBXResourcesBuildPhase section */

/* Begin PBXSourcesBuildPhase section */
		A2AB6912267D1CF1001D6536 /* Sources */ = {
			isa = PBXSourcesBuildPhase;
			buildActionMask = 2147483647;
			files = (
				A2AB691C267D1CF1001D6536 /* ContentView.swift in Sources */,
				A2AB691A267D1CF1001D6536 /* warCardGameApp.swift in Sources */,
			);
			runOnlyForDeploymentPostprocessing = 0;
		};
		A2AB6923267D1CF4001D6536 /* Sources */ = {
			isa = PBXSourcesBuildPhase;
			buildActionMask = 2147483647;
			files = (
				A2AB692C267D1CF4001D6536 /* warCardGameTests.swift in Sources */,
			);
			runOnlyForDeploymentPostprocessing = 0;
		};
		A2AB692E267D1CF4001D6536 /* Sources */ = {
			isa = PBXSourcesBuildPhase;
			buildActionMask = 2147483647;
			files = (
				A2AB6937267D1CF4001D6536 /* warCardGameUITests.swift in Sources */,
			);
			runOnlyForDeploymentPostprocessing = 0;
		};
/* End PBXSourcesBuildPhase section */

/* Begin PBXTargetDependency section */
		A2AB6929267D1CF4001D6536 /* PBXTargetDependency */ = {
			isa = PBXTargetDependency;
			target = A2AB6915267D1CF1001D6536 /* warCardGame */;
			targetProxy = A2AB6928267D1CF4001D6536 /* PBXContainerItemProxy */;
		};
		A2AB6934267D1CF4001D6536 /* PBXTargetDependency */ = {
			isa = PBXTargetDependency;
			target = A2AB6915267D1CF1001D6536 /* warCardGame */;
			targetProxy = A2AB6933267D1CF4001D6536 /* PBXContainerItemProxy */;
		};
/* End PBXTargetDependency section */

/* Begin XCBuildConfiguration section */
		A2AB6939267D1CF4001D6536 /* Debug */ = {
			isa = XCBuildConfiguration;
			buildSettings = {
				ALWAYS_SEARCH_USER_PATHS = NO;
				CLANG_ANALYZER_NONNULL = YES;
				CLANG_ANALYZER_NUMBER_OBJECT_CONVERSION = YES_AGGRESSIVE;
				CLANG_CXX_LANGUAGE_STANDARD = "gnu++14";
				CLANG_CXX_LIBRARY = "libc++";
				CLANG_ENABLE_MODULES = YES;
				CLANG_ENABLE_OBJC_ARC = YES;
				CLANG_ENABLE_OBJC_WEAK = YES;
				CLANG_WARN_BLOCK_CAPTURE_AUTORELEASING = YES;
				CLANG_WARN_BOOL_CONVERSION = YES;
				CLANG_WARN_COMMA = YES;
				CLANG_WARN_CONSTANT_CONVERSION = YES;
				CLANG_WARN_DEPRECATED_OBJC_IMPLEMENTATIONS = YES;
				CLANG_WARN_DIRECT_OBJC_ISA_USAGE = YES_ERROR;
				CLANG_WARN_DOCUMENTATION_COMMENTS = YES;
				CLANG_WARN_EMPTY_BODY = YES;
				CLANG_WARN_ENUM_CONVERSION = YES;
				CLANG_WARN_INFINITE_RECURSION = YES;
				CLANG_WARN_INT_CONVERSION = YES;
				CLANG_WARN_NON_LITERAL_NULL_CONVERSION = YES;
				CLANG_WARN_OBJC_IMPLICIT_RETAIN_SELF = YES;
				CLANG_WARN_OBJC_LITERAL_CONVERSION = YES;
				CLANG_WARN_OBJC_ROOT_CLASS = YES_ERROR;
				CLANG_WARN_QUOTED_INCLUDE_IN_FRAMEWORK_HEADER = YES;
				CLANG_WARN_RANGE_LOOP_ANALYSIS = YES;
				CLANG_WARN_STRICT_PROTOTYPES = YES;
				CLANG_WARN_SUSPICIOUS_MOVE = YES;
				CLANG_WARN_UNGUARDED_AVAILABILITY = YES_AGGRESSIVE;
				CLANG_WARN_UNREACHABLE_CODE = YES;
				CLANG_WARN__DUPLICATE_METHOD_MATCH = YES;
				COPY_PHASE_STRIP = NO;
				DEBUG_INFORMATION_FORMAT = dwarf;
				ENABLE_STRICT_OBJC_MSGSEND = YES;
				ENABLE_TESTABILITY = YES;
				GCC_C_LANGUAGE_STANDARD = gnu11;
				GCC_DYNAMIC_NO_PIC = NO;
				GCC_NO_COMMON_BLOCKS = YES;
				GCC_OPTIMIZATION_LEVEL = 0;
				GCC_PREPROCESSOR_DEFINITIONS = (
					"DEBUG=1",
					"$(inherited)",
				);
				GCC_WARN_64_TO_32_BIT_CONVERSION = YES;
				GCC_WARN_ABOUT_RETURN_TYPE = YES_ERROR;
				GCC_WARN_UNDECLARED_SELECTOR = YES;
				GCC_WARN_UNINITIALIZED_AUTOS = YES_AGGRESSIVE;
				GCC_WARN_UNUSED_FUNCTION = YES;
				GCC_WARN_UNUSED_VARIABLE = YES;
				IPHONEOS_DEPLOYMENT_TARGET = 14.4;
				MTL_ENABLE_DEBUG_INFO = INCLUDE_SOURCE;
				MTL_FAST_MATH = YES;
				ONLY_ACTIVE_ARCH = YES;
				SDKROOT = iphoneos;
				SWIFT_ACTIVE_COMPILATION_CONDITIONS = DEBUG;
				SWIFT_OPTIMIZATION_LEVEL = "-Onone";
			};
			name = Debug;
		};
		A2AB693A267D1CF4001D6536 /* Release */ = {
			isa = XCBuildConfiguration;
			buildSettings = {
				ALWAYS_SEARCH_USER_PATHS = NO;
				CLANG_ANALYZER_NONNULL = YES;
				CLANG_ANALYZER_NUMBER_OBJECT_CONVERSION = YES_AGGRESSIVE;
				CLANG_CXX_LANGUAGE_STANDARD = "gnu++14";
				CLANG_CXX_LIBRARY = "libc++";
				CLANG_ENABLE_MODULES = YES;
				CLANG_ENABLE_OBJC_ARC = YES;
				CLANG_ENABLE_OBJC_WEAK = YES;
				CLANG_WARN_BLOCK_CAPTURE_AUTORELEASING = YES;
				CLANG_WARN_BOOL_CONVERSION = YES;
				CLANG_WARN_COMMA = YES;
				CLANG_WARN_CONSTANT_CONVERSION = YES;
				CLANG_WARN_DEPRECATED_OBJC_IMPLEMENTATIONS = YES;
				CLANG_WARN_DIRECT_OBJC_ISA_USAGE = YES_ERROR;
				CLANG_WARN_DOCUMENTATION_COMMENTS = YES;
				CLANG_WARN_EMPTY_BODY = YES;
				CLANG_WARN_ENUM_CONVERSION = YES;
				CLANG_WARN_INFINITE_RECURSION = YES;
				CLANG_WARN_INT_CONVERSION = YES;
				CLANG_WARN_NON_LITERAL_NULL_CONVERSION = YES;
				CLANG_WARN_OBJC_IMPLICIT_RETAIN_SELF = YES;
				CLANG_WARN_OBJC_LITERAL_CONVERSION = YES;
				CLANG_WARN_OBJC_ROOT_CLASS = YES_ERROR;
				CLANG_WARN_QUOTED_INCLUDE_IN_FRAMEWORK_HEADER = YES;
				CLANG_WARN_RANGE_LOOP_ANALYSIS = YES;
				CLANG_WARN_STRICT_PROTOTYPES = YES;
				CLANG_WARN_SUSPICIOUS_MOVE = YES;
				CLANG_WARN_UNGUARDED_AVAILABILITY = YES_AGGRESSIVE;
				CLANG_WARN_UNREACHABLE_CODE = YES;
				CLANG_WARN__DUPLICATE_METHOD_MATCH = YES;
				COPY_PHASE_STRIP = NO;
				DEBUG_INFORMATION_FORMAT = "dwarf-with-dsym";
				ENABLE_NS_ASSERTIONS = NO;
				ENABLE_STRICT_OBJC_MSGSEND = YES;
				GCC_C_LANGUAGE_STANDARD = gnu11;
				GCC_NO_COMMON_BLOCKS = YES;
				GCC_WARN_64_TO_32_BIT_CONVERSION = YES;
				GCC_WARN_ABOUT_RETURN_TYPE = YES_ERROR;
				GCC_WARN_UNDECLARED_SELECTOR = YES;
				GCC_WARN_UNINITIALIZED_AUTOS = YES_AGGRESSIVE;
				GCC_WARN_UNUSED_FUNCTION = YES;
				GCC_WARN_UNUSED_VARIABLE = YES;
				IPHONEOS_DEPLOYMENT_TARGET = 14.4;
				MTL_ENABLE_DEBUG_INFO = NO;
				MTL_FAST_MATH = YES;
				SDKROOT = iphoneos;
				SWIFT_COMPILATION_MODE = wholemodule;
				SWIFT_OPTIMIZATION_LEVEL = "-O";
				VALIDATE_PRODUCT = YES;
			};
			name = Release;
		};
		A2AB693C267D1CF4001D6536 /* Debug */ = {
			isa = XCBuildConfiguration;
			buildSettings = {
				ASSETCATALOG_COMPILER_APPICON_NAME = AppIcon;
				ASSETCATALOG_COMPILER_GLOBAL_ACCENT_COLOR_NAME = AccentColor;
				CODE_SIGN_STYLE = Automatic;
				DEVELOPMENT_ASSET_PATHS = "\"warCardGame/Preview Content\"";
				DEVELOPMENT_TEAM = 845Q48W2V4;
				ENABLE_PREVIEWS = YES;
				INFOPLIST_FILE = warCardGame/Info.plist;
				IPHONEOS_DEPLOYMENT_TARGET = 14.0;
				LD_RUNPATH_SEARCH_PATHS = (
					"$(inherited)",
					"@executable_path/Frameworks",
				);
				PRODUCT_BUNDLE_IDENTIFIER = com.MitchellSalomon.warCardGame;
				PRODUCT_NAME = "$(TARGET_NAME)";
				SWIFT_VERSION = 5.0;
				TARGETED_DEVICE_FAMILY = "1,2";
			};
			name = Debug;
		};
		A2AB693D267D1CF4001D6536 /* Release */ = {
			isa = XCBuildConfiguration;
			buildSettings = {
				ASSETCATALOG_COMPILER_APPICON_NAME = AppIcon;
				ASSETCATALOG_COMPILER_GLOBAL_ACCENT_COLOR_NAME = AccentColor;
				CODE_SIGN_STYLE = Automatic;
				DEVELOPMENT_ASSET_PATHS = "\"warCardGame/Preview Content\"";
				DEVELOPMENT_TEAM = 845Q48W2V4;
				ENABLE_PREVIEWS = YES;
				INFOPLIST_FILE = warCardGame/Info.plist;
				IPHONEOS_DEPLOYMENT_TARGET = 14.0;
				LD_RUNPATH_SEARCH_PATHS = (
					"$(inherited)",
					"@executable_path/Frameworks",
				);
				PRODUCT_BUNDLE_IDENTIFIER = com.MitchellSalomon.warCardGame;
				PRODUCT_NAME = "$(TARGET_NAME)";
				SWIFT_VERSION = 5.0;
				TARGETED_DEVICE_FAMILY = "1,2";
			};
			name = Release;
		};
		A2AB693F267D1CF4001D6536 /* Debug */ = {
			isa = XCBuildConfiguration;
			buildSettings = {
				ALWAYS_EMBED_SWIFT_STANDARD_LIBRARIES = YES;
				BUNDLE_LOADER = "$(TEST_HOST)";
				CODE_SIGN_STYLE = Automatic;
				DEVELOPMENT_TEAM = 845Q48W2V4;
				INFOPLIST_FILE = warCardGameTests/Info.plist;
				IPHONEOS_DEPLOYMENT_TARGET = 14.0;
				LD_RUNPATH_SEARCH_PATHS = (
					"$(inherited)",
					"@executable_path/Frameworks",
					"@loader_path/Frameworks",
				);
				PRODUCT_BUNDLE_IDENTIFIER = com.MitchellSalomon.warCardGameTests;
				PRODUCT_NAME = "$(TARGET_NAME)";
				SWIFT_VERSION = 5.0;
				TARGETED_DEVICE_FAMILY = "1,2";
				TEST_HOST = "$(BUILT_PRODUCTS_DIR)/warCardGame.app/warCardGame";
			};
			name = Debug;
		};
		A2AB6940267D1CF4001D6536 /* Release */ = {
			isa = XCBuildConfiguration;
			buildSettings = {
				ALWAYS_EMBED_SWIFT_STANDARD_LIBRARIES = YES;
				BUNDLE_LOADER = "$(TEST_HOST)";
				CODE_SIGN_STYLE = Automatic;
				DEVELOPMENT_TEAM = 845Q48W2V4;
				INFOPLIST_FILE = warCardGameTests/Info.plist;
				IPHONEOS_DEPLOYMENT_TARGET = 14.0;
				LD_RUNPATH_SEARCH_PATHS = (
					"$(inherited)",
					"@executable_path/Frameworks",
					"@loader_path/Frameworks",
				);
				PRODUCT_BUNDLE_IDENTIFIER = com.MitchellSalomon.warCardGameTests;
				PRODUCT_NAME = "$(TARGET_NAME)";
				SWIFT_VERSION = 5.0;
				TARGETED_DEVICE_FAMILY = "1,2";
				TEST_HOST = "$(BUILT_PRODUCTS_DIR)/warCardGame.app/warCardGame";
			};
			name = Release;
		};
		A2AB6942267D1CF4001D6536 /* Debug */ = {
			isa = XCBuildConfiguration;
			buildSettings = {
				ALWAYS_EMBED_SWIFT_STANDARD_LIBRARIES = YES;
				CODE_SIGN_STYLE = Automatic;
				DEVELOPMENT_TEAM = 845Q48W2V4;
				INFOPLIST_FILE = warCardGameUITests/Info.plist;
				LD_RUNPATH_SEARCH_PATHS = (
					"$(inherited)",
					"@executable_path/Frameworks",
					"@loader_path/Frameworks",
				);
				PRODUCT_BUNDLE_IDENTIFIER = com.MitchellSalomon.warCardGameUITests;
				PRODUCT_NAME = "$(TARGET_NAME)";
				SWIFT_VERSION = 5.0;
				TARGETED_DEVICE_FAMILY = "1,2";
				TEST_TARGET_NAME = warCardGame;
			};
			name = Debug;
		};
		A2AB6943267D1CF4001D6536 /* Release */ = {
			isa = XCBuildConfiguration;
			buildSettings = {
				ALWAYS_EMBED_SWIFT_STANDARD_LIBRARIES = YES;
				CODE_SIGN_STYLE = Automatic;
				DEVELOPMENT_TEAM = 845Q48W2V4;
				INFOPLIST_FILE = warCardGameUITests/Info.plist;
				LD_RUNPATH_SEARCH_PATHS = (
					"$(inherited)",
					"@executable_path/Frameworks",
					"@loader_path/Frameworks",
				);
				PRODUCT_BUNDLE_IDENTIFIER = com.MitchellSalomon.warCardGameUITests;
				PRODUCT_NAME = "$(TARGET_NAME)";
				SWIFT_VERSION = 5.0;
				TARGETED_DEVICE_FAMILY = "1,2";
				TEST_TARGET_NAME = warCardGame;
			};
			name = Release;
		};
/* End XCBuildConfiguration section */

/* Begin XCConfigurationList section */
		A2AB6911267D1CF1001D6536 /* Build configuration list for PBXProject "warCardGame" */ = {
			isa = XCConfigurationList;
			buildConfigurations = (
				A2AB6939267D1CF4001D6536 /* Debug */,
				A2AB693A267D1CF4001D6536 /* Release */,
			);
			defaultConfigurationIsVisible = 0;
			defaultConfigurationName = Release;
		};
		A2AB693B267D1CF4001D6536 /* Build configuration list for PBXNativeTarget "warCardGame" */ = {
			isa = XCConfigurationList;
			buildConfigurations = (
				A2AB693C267D1CF4001D6536 /* Debug */,
				A2AB693D267D1CF4001D6536 /* Release */,
			);
			defaultConfigurationIsVisible = 0;
			defaultConfigurationName = Release;
		};
		A2AB693E267D1CF4001D6536 /* Build configuration list for PBXNativeTarget "warCardGameTests" */ = {
			isa = XCConfigurationList;
			buildConfigurations = (
				A2AB693F267D1CF4001D6536 /* Debug */,
				A2AB6940267D1CF4001D6536 /* Release */,
			);
			defaultConfigurationIsVisible = 0;
			defaultConfigurationName = Release;
		};
		A2AB6941267D1CF4001D6536 /* Build configuration list for PBXNativeTarget "warCardGameUITests" */ = {
			isa = XCConfigurationList;
			buildConfigurations = (
				A2AB6942267D1CF4001D6536 /* Debug */,
				A2AB6943267D1CF4001D6536 /* Release */,
			);
			defaultConfigurationIsVisible = 0;
			defaultConfigurationName = Release;
		};
/* End XCConfigurationList section */
	};
	rootObject = A2AB690E267D1CF1001D6536 /* Project object */;
}
